
Microsoft Visual Studio Solution File, Format Version 12.00
# Visual Studio Version 17
VisualStudioVersion = 17.3.32901.215
MinimumVisualStudioVersion = 10.0.40219.1
Project("{FAE04EC0-301F-11D3-BF4B-00C04F79EFBC}") = "WebAppDemo", "WebAppDemo\WebAppDemo.csproj", "{12FDCF91-E254-4FF8-9506-5DADE719836B}"
EndProject
Global
	GlobalSection(SolutionConfigurationPlatforms) = preSolution
		Debug|Any CPU = Debug|Any CPU
		Release|Any CPU = Release|Any CPU
	EndGlobalSection
	GlobalSection(ProjectConfigurationPlatforms) = postSolution
		{12FDCF91-E254-4FF8-9506-5DADE719836B}.Debug|Any CPU.ActiveCfg = Debug|Any CPU
		{12FDCF91-E254-4FF8-9506-5DADE719836B}.Debug|Any CPU.Build.0 = Debug|Any CPU
		{12FDCF91-E254-4FF8-9506-5DADE719836B}.Release|Any CPU.ActiveCfg = Release|Any CPU
		{12FDCF91-E254-4FF8-9506-5DADE719836B}.Release|Any CPU.Build.0 = Release|Any CPU
	EndGlobalSection
	GlobalSection(SolutionProperties) = preSolution
		HideSolutionNode = FALSE
	EndGlobalSection
	GlobalSection(ExtensibilityGlobals) = postSolution
		SolutionGuid = {BEE0A9DF-2A2B-4B76-BC18-90ADEAC773B3}
	EndGlobalSection
EndGlobal
